
Microsoft Visual Studio Solution File, Format Version 12.00
# Visual Studio Version 17
VisualStudioVersion = 17.11.35303.130
MinimumVisualStudioVersion = 10.0.40219.1
Project("{FAE04EC0-301F-11D3-BF4B-00C04F79EFBC}") = "EShopService", "EShopService\EShopService.csproj", "{F75F2CB0-63CA-4407-9D2E-C0C83BB02940}"
EndProject
Global
	GlobalSection(SolutionConfigurationPlatforms) = preSolution
		Debug|Any CPU = Debug|Any CPU
		Release|Any CPU = Release|Any CPU
	EndGlobalSection
	GlobalSection(ProjectConfigurationPlatforms) = postSolution
		{F75F2CB0-63CA-4407-9D2E-C0C83BB02940}.Debug|Any CPU.ActiveCfg = Debug|Any CPU
		{F75F2CB0-63CA-4407-9D2E-C0C83BB02940}.Debug|Any CPU.Build.0 = Debug|Any CPU
		{F75F2CB0-63CA-4407-9D2E-C0C83BB02940}.Release|Any CPU.ActiveCfg = Release|Any CPU
		{F75F2CB0-63CA-4407-9D2E-C0C83BB02940}.Release|Any CPU.Build.0 = Release|Any CPU
	EndGlobalSection
	GlobalSection(SolutionProperties) = preSolution
		HideSolutionNode = FALSE
	EndGlobalSection
	GlobalSection(ExtensibilityGlobals) = postSolution
		SolutionGuid = {909E75F2-C1A3-47EE-A0C3-9710742020E0}
	EndGlobalSection
EndGlobal
