
Microsoft Visual Studio Solution File, Format Version 12.00
# Visual Studio Version 17
VisualStudioVersion = 17.11.35327.3
MinimumVisualStudioVersion = 10.0.40219.1
Project("{9A19103F-16F7-4668-BE54-9A1E7A4F7556}") = "EShopService", "EShopService\EShopService.csproj", "{3CDA5439-CB5D-44A9-950F-DE8E39D386B3}"
EndProject
Project("{9A19103F-16F7-4668-BE54-9A1E7A4F7556}") = "EShop.Application", "EShop.Application\EShop.Application.csproj", "{D0120102-1689-4281-998E-E80B79D93F33}"
EndProject
Project("{2150E333-8FDC-42A3-9474-1A3956D46DE8}") = "Tests", "Tests", "{78F925F9-A1B7-4D28-8F89-537C746FDDB4}"
EndProject
Project("{9A19103F-16F7-4668-BE54-9A1E7A4F7556}") = "EShop.Application.Tests", "EShop.Application.Tests\EShop.Application.Tests.csproj", "{D854C62A-0481-40CD-BFD8-0B1B10EFCB41}"
EndProject
Project("{9A19103F-16F7-4668-BE54-9A1E7A4F7556}") = "EShop.Domain", "EShop.Domain\EShop.Domain.csproj", "{4895D26D-58FB-4615-9B0E-062AA0BAE0DA}"
EndProject
Project("{9A19103F-16F7-4668-BE54-9A1E7A4F7556}") = "EShop.Domain.Tests", "EShop.Domain.Tests\EShop.Domain.Tests.csproj", "{49AB3F30-BA4F-47DC-851C-0A330EC584DD}"
EndProject
Project("{9A19103F-16F7-4668-BE54-9A1E7A4F7556}") = "EShopService.Tests", "EShopService.Tests\EShopService.Tests.csproj", "{EE89DAB2-89E9-4E83-9EAA-C8ACA6368629}"
EndProject
Project("{9A19103F-16F7-4668-BE54-9A1E7A4F7556}") = "EShopService.IntegrationTests", "EShopService.IntegrationTests\EShopService.IntegrationTests.csproj", "{8CF8CD8C-AC72-4714-8526-D2E9207F200B}"
EndProject
Project("{2150E333-8FDC-42A3-9474-1A3956D46DE8}") = "User", "User", "{42ECEECA-9C66-47B1-B649-6AB437DD1562}"
EndProject
Project("{FAE04EC0-301F-11D3-BF4B-00C04F79EFBC}") = "UserService", "UserService\UserService.csproj", "{85AD5D2F-E174-4206-9CDE-C42DB88BF12C}"
EndProject
Project("{FAE04EC0-301F-11D3-BF4B-00C04F79EFBC}") = "User.Domain", "User.Domain\User.Domain.csproj", "{F75544C4-70CC-40D6-ABCB-80615295349E}"
EndProject
Project("{FAE04EC0-301F-11D3-BF4B-00C04F79EFBC}") = "User.Application", "User.Application\User.Application.csproj", "{03B05B95-B60F-4AA0-AE04-45C76067C11A}"
EndProject
Global
	GlobalSection(SolutionConfigurationPlatforms) = preSolution
		Debug|Any CPU = Debug|Any CPU
		Release|Any CPU = Release|Any CPU
	EndGlobalSection
	GlobalSection(ProjectConfigurationPlatforms) = postSolution
		{3CDA5439-CB5D-44A9-950F-DE8E39D386B3}.Debug|Any CPU.ActiveCfg = Debug|Any CPU
		{3CDA5439-CB5D-44A9-950F-DE8E39D386B3}.Debug|Any CPU.Build.0 = Debug|Any CPU
		{3CDA5439-CB5D-44A9-950F-DE8E39D386B3}.Release|Any CPU.ActiveCfg = Release|Any CPU
		{3CDA5439-CB5D-44A9-950F-DE8E39D386B3}.Release|Any CPU.Build.0 = Release|Any CPU
		{D0120102-1689-4281-998E-E80B79D93F33}.Debug|Any CPU.ActiveCfg = Debug|Any CPU
		{D0120102-1689-4281-998E-E80B79D93F33}.Debug|Any CPU.Build.0 = Debug|Any CPU
		{D0120102-1689-4281-998E-E80B79D93F33}.Release|Any CPU.ActiveCfg = Release|Any CPU
		{D0120102-1689-4281-998E-E80B79D93F33}.Release|Any CPU.Build.0 = Release|Any CPU
		{D854C62A-0481-40CD-BFD8-0B1B10EFCB41}.Debug|Any CPU.ActiveCfg = Debug|Any CPU
		{D854C62A-0481-40CD-BFD8-0B1B10EFCB41}.Debug|Any CPU.Build.0 = Debug|Any CPU
		{D854C62A-0481-40CD-BFD8-0B1B10EFCB41}.Release|Any CPU.ActiveCfg = Release|Any CPU
		{D854C62A-0481-40CD-BFD8-0B1B10EFCB41}.Release|Any CPU.Build.0 = Release|Any CPU
		{4895D26D-58FB-4615-9B0E-062AA0BAE0DA}.Debug|Any CPU.ActiveCfg = Debug|Any CPU
		{4895D26D-58FB-4615-9B0E-062AA0BAE0DA}.Debug|Any CPU.Build.0 = Debug|Any CPU
		{4895D26D-58FB-4615-9B0E-062AA0BAE0DA}.Release|Any CPU.ActiveCfg = Release|Any CPU
		{4895D26D-58FB-4615-9B0E-062AA0BAE0DA}.Release|Any CPU.Build.0 = Release|Any CPU
		{49AB3F30-BA4F-47DC-851C-0A330EC584DD}.Debug|Any CPU.ActiveCfg = Debug|Any CPU
		{49AB3F30-BA4F-47DC-851C-0A330EC584DD}.Debug|Any CPU.Build.0 = Debug|Any CPU
		{49AB3F30-BA4F-47DC-851C-0A330EC584DD}.Release|Any CPU.ActiveCfg = Release|Any CPU
		{49AB3F30-BA4F-47DC-851C-0A330EC584DD}.Release|Any CPU.Build.0 = Release|Any CPU
		{EE89DAB2-89E9-4E83-9EAA-C8ACA6368629}.Debug|Any CPU.ActiveCfg = Debug|Any CPU
		{EE89DAB2-89E9-4E83-9EAA-C8ACA6368629}.Debug|Any CPU.Build.0 = Debug|Any CPU
		{EE89DAB2-89E9-4E83-9EAA-C8ACA6368629}.Release|Any CPU.ActiveCfg = Release|Any CPU
		{EE89DAB2-89E9-4E83-9EAA-C8ACA6368629}.Release|Any CPU.Build.0 = Release|Any CPU
		{8CF8CD8C-AC72-4714-8526-D2E9207F200B}.Debug|Any CPU.ActiveCfg = Debug|Any CPU
		{8CF8CD8C-AC72-4714-8526-D2E9207F200B}.Debug|Any CPU.Build.0 = Debug|Any CPU
		{8CF8CD8C-AC72-4714-8526-D2E9207F200B}.Release|Any CPU.ActiveCfg = Release|Any CPU
		{8CF8CD8C-AC72-4714-8526-D2E9207F200B}.Release|Any CPU.Build.0 = Release|Any CPU
		{85AD5D2F-E174-4206-9CDE-C42DB88BF12C}.Debug|Any CPU.ActiveCfg = Debug|Any CPU
		{85AD5D2F-E174-4206-9CDE-C42DB88BF12C}.Debug|Any CPU.Build.0 = Debug|Any CPU
		{85AD5D2F-E174-4206-9CDE-C42DB88BF12C}.Release|Any CPU.ActiveCfg = Release|Any CPU
		{85AD5D2F-E174-4206-9CDE-C42DB88BF12C}.Release|Any CPU.Build.0 = Release|Any CPU
		{F75544C4-70CC-40D6-ABCB-80615295349E}.Debug|Any CPU.ActiveCfg = Debug|Any CPU
		{F75544C4-70CC-40D6-ABCB-80615295349E}.Debug|Any CPU.Build.0 = Debug|Any CPU
		{F75544C4-70CC-40D6-ABCB-80615295349E}.Release|Any CPU.ActiveCfg = Release|Any CPU
		{F75544C4-70CC-40D6-ABCB-80615295349E}.Release|Any CPU.Build.0 = Release|Any CPU
		{03B05B95-B60F-4AA0-AE04-45C76067C11A}.Debug|Any CPU.ActiveCfg = Debug|Any CPU
		{03B05B95-B60F-4AA0-AE04-45C76067C11A}.Debug|Any CPU.Build.0 = Debug|Any CPU
		{03B05B95-B60F-4AA0-AE04-45C76067C11A}.Release|Any CPU.ActiveCfg = Release|Any CPU
		{03B05B95-B60F-4AA0-AE04-45C76067C11A}.Release|Any CPU.Build.0 = Release|Any CPU
	EndGlobalSection
	GlobalSection(SolutionProperties) = preSolution
		HideSolutionNode = FALSE
	EndGlobalSection
	GlobalSection(NestedProjects) = preSolution
		{D854C62A-0481-40CD-BFD8-0B1B10EFCB41} = {78F925F9-A1B7-4D28-8F89-537C746FDDB4}
		{49AB3F30-BA4F-47DC-851C-0A330EC584DD} = {78F925F9-A1B7-4D28-8F89-537C746FDDB4}
		{85AD5D2F-E174-4206-9CDE-C42DB88BF12C} = {42ECEECA-9C66-47B1-B649-6AB437DD1562}
		{F75544C4-70CC-40D6-ABCB-80615295349E} = {42ECEECA-9C66-47B1-B649-6AB437DD1562}
		{03B05B95-B60F-4AA0-AE04-45C76067C11A} = {42ECEECA-9C66-47B1-B649-6AB437DD1562}
	EndGlobalSection
	GlobalSection(ExtensibilityGlobals) = postSolution
		SolutionGuid = {25B42D7F-690E-4F89-A396-AD91648FF160}
	EndGlobalSection
EndGlobal
